// !$*UTF8*$!
{
	archiveVersion = 1;
	classes = {
	};
	objectVersion = 50;
	objects = {

/* Begin PBXBuildFile section */
		23383D1A22B8846600B86D41 /* AppDelegate.swift in Sources */ = {isa = PBXBuildFile; fileRef = 23383D1922B8846600B86D41 /* AppDelegate.swift */; };
		23383D1C22B8846600B86D41 /* ViewController.swift in Sources */ = {isa = PBXBuildFile; fileRef = 23383D1B22B8846600B86D41 /* ViewController.swift */; };
		23383D1F22B8846600B86D41 /* Main.storyboard in Resources */ = {isa = PBXBuildFile; fileRef = 23383D1D22B8846600B86D41 /* Main.storyboard */; };
		23383D2122B8846700B86D41 /* Assets.xcassets in Resources */ = {isa = PBXBuildFile; fileRef = 23383D2022B8846700B86D41 /* Assets.xcassets */; };
		23383D2422B8846700B86D41 /* LaunchScreen.storyboard in Resources */ = {isa = PBXBuildFile; fileRef = 23383D2222B8846700B86D41 /* LaunchScreen.storyboard */; };
		23383D2E22B8858F00B86D41 /* logo.png in Resources */ = {isa = PBXBuildFile; fileRef = 23383D2B22B8858F00B86D41 /* logo.png */; };
		23383D2F22B8858F00B86D41 /* botaogerar.png in Resources */ = {isa = PBXBuildFile; fileRef = 23383D2C22B8858F00B86D41 /* botaogerar.png */; };
		23383D3022B8858F00B86D41 /* botaogerar-pressionado.png in Resources */ = {isa = PBXBuildFile; fileRef = 23383D2D22B8858F00B86D41 /* botaogerar-pressionado.png */; };
/* End PBXBuildFile section */

/* Begin PBXFileReference section */
		23383D1622B8846600B86D41 /* Gerador de Numeros.app */ = {isa = PBXFileReference; explicitFileType = wrapper.application; includeInIndex = 0; path = "Gerador de Numeros.app"; sourceTree = BUILT_PRODUCTS_DIR; };
		23383D1922B8846600B86D41 /* AppDelegate.swift */ = {isa = PBXFileReference; lastKnownFileType = sourcecode.swift; path = AppDelegate.swift; sourceTree = "<group>"; };
		23383D1B22B8846600B86D41 /* ViewController.swift */ = {isa = PBXFileReference; lastKnownFileType = sourcecode.swift; path = ViewController.swift; sourceTree = "<group>"; };
		23383D1E22B8846600B86D41 /* Base */ = {isa = PBXFileReference; lastKnownFileType = file.storyboard; name = Base; path = Base.lproj/Main.storyboard; sourceTree = "<group>"; };
		23383D2022B8846700B86D41 /* Assets.xcassets */ = {isa = PBXFileReference; lastKnownFileType = folder.assetcatalog; path = Assets.xcassets; sourceTree = "<group>"; };
		23383D2322B8846700B86D41 /* Base */ = {isa = PBXFileReference; lastKnownFileType = file.storyboard; name = Base; path = Base.lproj/LaunchScreen.storyboard; sourceTree = "<group>"; };
		23383D2522B8846700B86D41 /* Info.plist */ = {isa = PBXFileReference; lastKnownFileType = text.plist.xml; path = Info.plist; sourceTree = "<group>"; };
		23383D2B22B8858F00B86D41 /* logo.png */ = {isa = PBXFileReference; lastKnownFileType = image.png; path = logo.png; sourceTree = "<group>"; };
		23383D2C22B8858F00B86D41 /* botaogerar.png */ = {isa = PBXFileReference; lastKnownFileType = image.png; path = botaogerar.png; sourceTree = "<group>"; };
		23383D2D22B8858F00B86D41 /* botaogerar-pressionado.png */ = {isa = PBXFileReference; lastKnownFileType = image.png; path = "botaogerar-pressionado.png"; sourceTree = "<group>"; };
/* End PBXFileReference section */

/* Begin PBXFrameworksBuildPhase section */
		23383D1322B8846600B86D41 /* Frameworks */ = {
			isa = PBXFrameworksBuildPhase;
			buildActionMask = 2147483647;
			files = (
			);
			runOnlyForDeploymentPostprocessing = 0;
		};
/* End PBXFrameworksBuildPhase section */

/* Begin PBXGroup section */
		23383D0D22B8846600B86D41 = {
			isa = PBXGroup;
			children = (
				23383D1822B8846600B86D41 /* Gerador de Numeros */,
				23383D1722B8846600B86D41 /* Products */,
			);
			sourceTree = "<group>";
		};
		23383D1722B8846600B86D41 /* Products */ = {
			isa = PBXGroup;
			children = (
				23383D1622B8846600B86D41 /* Gerador de Numeros.app */,
			);
			name = Products;
			sourceTree = "<group>";
		};
		23383D1822B8846600B86D41 /* Gerador de Numeros */ = {
			isa = PBXGroup;
			children = (
				23383D1922B8846600B86D41 /* AppDelegate.swift */,
				23383D1B22B8846600B86D41 /* ViewController.swift */,
				23383D1D22B8846600B86D41 /* Main.storyboard */,
				23383D2022B8846700B86D41 /* Assets.xcassets */,
				23383D2D22B8858F00B86D41 /* botaogerar-pressionado.png */,
				23383D2C22B8858F00B86D41 /* botaogerar.png */,
				23383D2B22B8858F00B86D41 /* logo.png */,
				23383D2222B8846700B86D41 /* LaunchScreen.storyboard */,
				23383D2522B8846700B86D41 /* Info.plist */,
			);
			path = "Gerador de Numeros";
			sourceTree = "<group>";
		};
/* End PBXGroup section */

/* Begin PBXNativeTarget section */
		23383D1522B8846600B86D41 /* Gerador de Numeros */ = {
			isa = PBXNativeTarget;
			buildConfigurationList = 23383D2822B8846700B86D41 /* Build configuration list for PBXNativeTarget "Gerador de Numeros" */;
			buildPhases = (
				23383D1222B8846600B86D41 /* Sources */,
				23383D1322B8846600B86D41 /* Frameworks */,
				23383D1422B8846600B86D41 /* Resources */,
			);
			buildRules = (
			);
			dependencies = (
			);
			name = "Gerador de Numeros";
			productName = "Gerador de Numeros";
			productReference = 23383D1622B8846600B86D41 /* Gerador de Numeros.app */;
			productType = "com.apple.product-type.application";
		};
/* End PBXNativeTarget section */

/* Begin PBXProject section */
		23383D0E22B8846600B86D41 /* Project object */ = {
			isa = PBXProject;
			attributes = {
				LastSwiftUpdateCheck = 1020;
				LastUpgradeCheck = 1020;
				ORGANIZATIONNAME = "Curso IOS";
				TargetAttributes = {
					23383D1522B8846600B86D41 = {
						CreatedOnToolsVersion = 10.2;
					};
				};
			};
			buildConfigurationList = 23383D1122B8846600B86D41 /* Build configuration list for PBXProject "Gerador de Numeros" */;
			compatibilityVersion = "Xcode 9.3";
			developmentRegion = en;
			hasScannedForEncodings = 0;
			knownRegions = (
				en,
				Base,
			);
			mainGroup = 23383D0D22B8846600B86D41;
			productRefGroup = 23383D1722B8846600B86D41 /* Products */;
			projectDirPath = "";
			projectRoot = "";
			targets = (
				23383D1522B8846600B86D41 /* Gerador de Numeros */,
			);
		};
/* End PBXProject section */

/* Begin PBXResourcesBuildPhase section */
		23383D1422B8846600B86D41 /* Resources */ = {
			isa = PBXResourcesBuildPhase;
			buildActionMask = 2147483647;
			files = (
				23383D2E22B8858F00B86D41 /* logo.png in Resources */,
				23383D2422B8846700B86D41 /* LaunchScreen.storyboard in Resources */,
				23383D2F22B8858F00B86D41 /* botaogerar.png in Resources */,
				23383D2122B8846700B86D41 /* Assets.xcassets in Resources */,
				23383D1F22B8846600B86D41 /* Main.storyboard in Resources */,
				23383D3022B8858F00B86D41 /* botaogerar-pressionado.png in Resources */,
			);
			runOnlyForDeploymentPostprocessing = 0;
		};
/* End PBXResourcesBuildPhase section */

/* Begin PBXSourcesBuildPhase section */
		23383D1222B8846600B86D41 /* Sources */ = {
			isa = PBXSourcesBuildPhase;
			buildActionMask = 2147483647;
			files = (
				23383D1C22B8846600B86D41 /* ViewController.swift in Sources */,
				23383D1A22B8846600B86D41 /* AppDelegate.swift in Sources */,
			);
			runOnlyForDeploymentPostprocessing = 0;
		};
/* End PBXSourcesBuildPhase section */

/* Begin PBXVariantGroup section */
		23383D1D22B8846600B86D41 /* Main.storyboard */ = {
			isa = PBXVariantGroup;
			children = (
				23383D1E22B8846600B86D41 /* Base */,
			);
			name = Main.storyboard;
			sourceTree = "<group>";
		};
		23383D2222B8846700B86D41 /* LaunchScreen.storyboard */ = {
			isa = PBXVariantGroup;
			children = (
				23383D2322B8846700B86D41 /* Base */,
			);
			name = LaunchScreen.storyboard;
			sourceTree = "<group>";
		};
/* End PBXVariantGroup section */

/* Begin XCBuildConfiguration section */
		23383D2622B8846700B86D41 /* Debug */ = {
			isa = XCBuildConfiguration;
			buildSettings = {
				ALWAYS_SEARCH_USER_PATHS = NO;
				CLANG_ANALYZER_NONNULL = YES;
				CLANG_ANALYZER_NUMBER_OBJECT_CONVERSION = YES_AGGRESSIVE;
				CLANG_CXX_LANGUAGE_STANDARD = "gnu++14";
				CLANG_CXX_LIBRARY = "libc++";
				CLANG_ENABLE_MODULES = YES;
				CLANG_ENABLE_OBJC_ARC = YES;
				CLANG_ENABLE_OBJC_WEAK = YES;
				CLANG_WARN_BLOCK_CAPTURE_AUTORELEASING = YES;
				CLANG_WARN_BOOL_CONVERSION = YES;
				CLANG_WARN_COMMA = YES;
				CLANG_WARN_CONSTANT_CONVERSION = YES;
				CLANG_WARN_DEPRECATED_OBJC_IMPLEMENTATIONS = YES;
				CLANG_WARN_DIRECT_OBJC_ISA_USAGE = YES_ERROR;
				CLANG_WARN_DOCUMENTATION_COMMENTS = YES;
				CLANG_WARN_EMPTY_BODY = YES;
				CLANG_WARN_ENUM_CONVERSION = YES;
				CLANG_WARN_INFINITE_RECURSION = YES;
				CLANG_WARN_INT_CONVERSION = YES;
				CLANG_WARN_NON_LITERAL_NULL_CONVERSION = YES;
				CLANG_WARN_OBJC_IMPLICIT_RETAIN_SELF = YES;
				CLANG_WARN_OBJC_LITERAL_CONVERSION = YES;
				CLANG_WARN_OBJC_ROOT_CLASS = YES_ERROR;
				CLANG_WARN_RANGE_LOOP_ANALYSIS = YES;
				CLANG_WARN_STRICT_PROTOTYPES = YES;
				CLANG_WARN_SUSPICIOUS_MOVE = YES;
				CLANG_WARN_UNGUARDED_AVAILABILITY = YES_AGGRESSIVE;
				CLANG_WARN_UNREACHABLE_CODE = YES;
				CLANG_WARN__DUPLICATE_METHOD_MATCH = YES;
				CODE_SIGN_IDENTITY = "iPhone Developer";
				COPY_PHASE_STRIP = NO;
				DEBUG_INFORMATION_FORMAT = dwarf;
				ENABLE_STRICT_OBJC_MSGSEND = YES;
				ENABLE_TESTABILITY = YES;
				GCC_C_LANGUAGE_STANDARD = gnu11;
				GCC_DYNAMIC_NO_PIC = NO;
				GCC_NO_COMMON_BLOCKS = YES;
				GCC_OPTIMIZATION_LEVEL = 0;
				GCC_PREPROCESSOR_DEFINITIONS = (
					"DEBUG=1",
					"$(inherited)",
				);
				GCC_WARN_64_TO_32_BIT_CONVERSION = YES;
				GCC_WARN_ABOUT_RETURN_TYPE = YES_ERROR;
				GCC_WARN_UNDECLARED_SELECTOR = YES;
				GCC_WARN_UNINITIALIZED_AUTOS = YES_AGGRESSIVE;
				GCC_WARN_UNUSED_FUNCTION = YES;
				GCC_WARN_UNUSED_VARIABLE = YES;
				IPHONEOS_DEPLOYMENT_TARGET = 12.2;
				MTL_ENABLE_DEBUG_INFO = INCLUDE_SOURCE;
				MTL_FAST_MATH = YES;
				ONLY_ACTIVE_ARCH = YES;
				SDKROOT = iphoneos;
				SWIFT_ACTIVE_COMPILATION_CONDITIONS = DEBUG;
				SWIFT_OPTIMIZATION_LEVEL = "-Onone";
			};
			name = Debug;
		};
		23383D2722B8846700B86D41 /* Release */ = {
			isa = XCBuildConfiguration;
			buildSettings = {
				ALWAYS_SEARCH_USER_PATHS = NO;
				CLANG_ANALYZER_NONNULL = YES;
				CLANG_ANALYZER_NUMBER_OBJECT_CONVERSION = YES_AGGRESSIVE;
				CLANG_CXX_LANGUAGE_STANDARD = "gnu++14";
				CLANG_CXX_LIBRARY = "libc++";
				CLANG_ENABLE_MODULES = YES;
				CLANG_ENABLE_OBJC_ARC = YES;
				CLANG_ENABLE_OBJC_WEAK = YES;
				CLANG_WARN_BLOCK_CAPTURE_AUTORELEASING = YES;
				CLANG_WARN_BOOL_CONVERSION = YES;
				CLANG_WARN_COMMA = YES;
				CLANG_WARN_CONSTANT_CONVERSION = YES;
				CLANG_WARN_DEPRECATED_OBJC_IMPLEMENTATIONS = YES;
				CLANG_WARN_DIRECT_OBJC_ISA_USAGE = YES_ERROR;
				CLANG_WARN_DOCUMENTATION_COMMENTS = YES;
				CLANG_WARN_EMPTY_BODY = YES;
				CLANG_WARN_ENUM_CONVERSION = YES;
				CLANG_WARN_INFINITE_RECURSION = YES;
				CLANG_WARN_INT_CONVERSION = YES;
				CLANG_WARN_NON_LITERAL_NULL_CONVERSION = YES;
				CLANG_WARN_OBJC_IMPLICIT_RETAIN_SELF = YES;
				CLANG_WARN_OBJC_LITERAL_CONVERSION = YES;
				CLANG_WARN_OBJC_ROOT_CLASS = YES_ERROR;
				CLANG_WARN_RANGE_LOOP_ANALYSIS = YES;
				CLANG_WARN_STRICT_PROTOTYPES = YES;
				CLANG_WARN_SUSPICIOUS_MOVE = YES;
				CLANG_WARN_UNGUARDED_AVAILABILITY = YES_AGGRESSIVE;
				CLANG_WARN_UNREACHABLE_CODE = YES;
				CLANG_WARN__DUPLICATE_METHOD_MATCH = YES;
				CODE_SIGN_IDENTITY = "iPhone Developer";
				COPY_PHASE_STRIP = NO;
				DEBUG_INFORMATION_FORMAT = "dwarf-with-dsym";
				ENABLE_NS_ASSERTIONS = NO;
				ENABLE_STRICT_OBJC_MSGSEND = YES;
				GCC_C_LANGUAGE_STANDARD = gnu11;
				GCC_NO_COMMON_BLOCKS = YES;
				GCC_WARN_64_TO_32_BIT_CONVERSION = YES;
				GCC_WARN_ABOUT_RETURN_TYPE = YES_ERROR;
				GCC_WARN_UNDECLARED_SELECTOR = YES;
				GCC_WARN_UNINITIALIZED_AUTOS = YES_AGGRESSIVE;
				GCC_WARN_UNUSED_FUNCTION = YES;
				GCC_WARN_UNUSED_VARIABLE = YES;
				IPHONEOS_DEPLOYMENT_TARGET = 12.2;
				MTL_ENABLE_DEBUG_INFO = NO;
				MTL_FAST_MATH = YES;
				SDKROOT = iphoneos;
				SWIFT_COMPILATION_MODE = wholemodule;
				SWIFT_OPTIMIZATION_LEVEL = "-O";
				VALIDATE_PRODUCT = YES;
			};
			name = Release;
		};
		23383D2922B8846700B86D41 /* Debug */ = {
			isa = XCBuildConfiguration;
			buildSettings = {
				ASSETCATALOG_COMPILER_APPICON_NAME = AppIcon;
				CODE_SIGN_STYLE = Automatic;
				INFOPLIST_FILE = "Gerador de Numeros/Info.plist";
				LD_RUNPATH_SEARCH_PATHS = (
					"$(inherited)",
					"@executable_path/Frameworks",
				);
				PRODUCT_BUNDLE_IDENTIFIER = "com.cursoios.Gerador-de-Numeros";
				PRODUCT_NAME = "$(TARGET_NAME)";
				SWIFT_VERSION = 5.0;
				TARGETED_DEVICE_FAMILY = "1,2";
			};
			name = Debug;
		};
		23383D2A22B8846700B86D41 /* Release */ = {
			isa = XCBuildConfiguration;
			buildSettings = {
				ASSETCATALOG_COMPILER_APPICON_NAME = AppIcon;
				CODE_SIGN_STYLE = Automatic;
				INFOPLIST_FILE = "Gerador de Numeros/Info.plist";
				LD_RUNPATH_SEARCH_PATHS = (
					"$(inherited)",
					"@executable_path/Frameworks",
				);
				PRODUCT_BUNDLE_IDENTIFIER = "com.cursoios.Gerador-de-Numeros";
				PRODUCT_NAME = "$(TARGET_NAME)";
				SWIFT_VERSION = 5.0;
				TARGETED_DEVICE_FAMILY = "1,2";
			};
			name = Release;
		};
/* End XCBuildConfiguration section */

/* Begin XCConfigurationList section */
		23383D1122B8846600B86D41 /* Build configuration list for PBXProject "Gerador de Numeros" */ = {
			isa = XCConfigurationList;
			buildConfigurations = (
				23383D2622B8846700B86D41 /* Debug */,
				23383D2722B8846700B86D41 /* Release */,
			);
			defaultConfigurationIsVisible = 0;
			defaultConfigurationName = Release;
		};
		23383D2822B8846700B86D41 /* Build configuration list for PBXNativeTarget "Gerador de Numeros" */ = {
			isa = XCConfigurationList;
			buildConfigurations = (
				23383D2922B8846700B86D41 /* Debug */,
				23383D2A22B8846700B86D41 /* Release */,
			);
			defaultConfigurationIsVisible = 0;
			defaultConfigurationName = Release;
		};
/* End XCConfigurationList section */
	};
	rootObject = 23383D0E22B8846600B86D41 /* Project object */;
}
